
Microsoft Visual Studio Solution File, Format Version 12.00
# Visual Studio Version 17
VisualStudioVersion = 17.6.33801.468
MinimumVisualStudioVersion = 10.0.40219.1
Project("{9A19103F-16F7-4668-BE54-9A1E7A4F7556}") = "Talabat.APIs", "Talabat.APIs\Talabat.APIs.csproj", "{E20B900B-0222-4774-BEEC-5BB1AAEA2DF2}"
EndProject
Project("{FAE04EC0-301F-11D3-BF4B-00C04F79EFBC}") = "Talabat.Core", "Talabat.Core\Talabat.Core.csproj", "{AA83B6D6-1072-4B41-B362-B651F1909CD3}"
EndProject
Project("{FAE04EC0-301F-11D3-BF4B-00C04F79EFBC}") = "Talabat.Repository", "Talabat.Repository\Talabat.Repository.csproj", "{66E4A11B-48F6-482D-8B13-40BE13439421}"
EndProject
Project("{FAE04EC0-301F-11D3-BF4B-00C04F79EFBC}") = "Talabat.Service", "Talabat.Service\Talabat.Service.csproj", "{AEADA1DC-F450-4563-9D3D-6C4A7794FFDF}"
EndProject
Global
	GlobalSection(SolutionConfigurationPlatforms) = preSolution
		Debug|Any CPU = Debug|Any CPU
		Release|Any CPU = Release|Any CPU
	EndGlobalSection
	GlobalSection(ProjectConfigurationPlatforms) = postSolution
		{E20B900B-0222-4774-BEEC-5BB1AAEA2DF2}.Debug|Any CPU.ActiveCfg = Debug|Any CPU
		{E20B900B-0222-4774-BEEC-5BB1AAEA2DF2}.Debug|Any CPU.Build.0 = Debug|Any CPU
		{E20B900B-0222-4774-BEEC-5BB1AAEA2DF2}.Release|Any CPU.ActiveCfg = Release|Any CPU
		{E20B900B-0222-4774-BEEC-5BB1AAEA2DF2}.Release|Any CPU.Build.0 = Release|Any CPU
		{AA83B6D6-1072-4B41-B362-B651F1909CD3}.Debug|Any CPU.ActiveCfg = Debug|Any CPU
		{AA83B6D6-1072-4B41-B362-B651F1909CD3}.Debug|Any CPU.Build.0 = Debug|Any CPU
		{AA83B6D6-1072-4B41-B362-B651F1909CD3}.Release|Any CPU.ActiveCfg = Release|Any CPU
		{AA83B6D6-1072-4B41-B362-B651F1909CD3}.Release|Any CPU.Build.0 = Release|Any CPU
		{66E4A11B-48F6-482D-8B13-40BE13439421}.Debug|Any CPU.ActiveCfg = Debug|Any CPU
		{66E4A11B-48F6-482D-8B13-40BE13439421}.Debug|Any CPU.Build.0 = Debug|Any CPU
		{66E4A11B-48F6-482D-8B13-40BE13439421}.Release|Any CPU.ActiveCfg = Release|Any CPU
		{66E4A11B-48F6-482D-8B13-40BE13439421}.Release|Any CPU.Build.0 = Release|Any CPU
		{AEADA1DC-F450-4563-9D3D-6C4A7794FFDF}.Debug|Any CPU.ActiveCfg = Debug|Any CPU
		{AEADA1DC-F450-4563-9D3D-6C4A7794FFDF}.Debug|Any CPU.Build.0 = Debug|Any CPU
		{AEADA1DC-F450-4563-9D3D-6C4A7794FFDF}.Release|Any CPU.ActiveCfg = Release|Any CPU
		{AEADA1DC-F450-4563-9D3D-6C4A7794FFDF}.Release|Any CPU.Build.0 = Release|Any CPU
	EndGlobalSection
	GlobalSection(SolutionProperties) = preSolution
		HideSolutionNode = FALSE
	EndGlobalSection
	GlobalSection(ExtensibilityGlobals) = postSolution
		SolutionGuid = {FCABA636-2601-42D7-BFB4-95039B9B5806}
	EndGlobalSection
EndGlobal
